filippo.io/edwards25519 v1.1.0 h1:FNf4tywRC1HmFuKW5xopWpigGjJKiJSV0Cqo0cJWDaA=
filippo.io/edwards25519 v1.1.0/go.mod h1:BxyFTGdWcka3PhytdK4V28tE5sGfRvvvRV7EaN4VDT4=
github.com/clong1995/go-config v0.0.0-20241018013119-7c9eb1a671ac h1:sTLgn8sqKxvvnfdrEdwnDc4Rd7+F9vyum0u1b657fl0=
github.com/clong1995/go-config v0.0.0-20241018013119-7c9eb1a671ac/go.mod h1:U+8aUkJjLYIimbrAobYsvM/GBDOgPjFZQaAqE2mL0GM=
github.com/clong1995/go-config v0.0.0-20250121071657-ae34323b5985 h1:etVlsdEGfm4+SY0j/mpR3WAXPBJhLmQFnHPcRJL1MMk=
github.com/clong1995/go-config v0.0.0-20250121071657-ae34323b5985/go.mod h1:G4Z1Nh65yNZ2uHv0h9X4KHbISb8XHrSj6k8pxrrtZTw=
github.com/clong1995/go-config v0.0.0-20250226023157-45462db4209f h1:mq7Cbqrbbegq8TpVft/zch6rOvS7PhOPF4RTMcxEkrs=
github.com/clong1995/go-config v0.0.0-20250226023157-45462db4209f/go.mod h1:G4Z1Nh65yNZ2uHv0h9X4KHbISb8XHrSj6k8pxrrtZTw=
github.com/clong1995/go-config v0.0.0-20250321150414-57a84ace93c7 h1:jcCvONOcKl5XutsYGOsETkTWVnsrYHpYLAS7MIzW9xM=
github.com/clong1995/go-config v0.0.0-20250321150414-57a84ace93c7/go.mod h1:sWFwQ7v+tStLV2vKId7aBQzORq1ioZKCRXY8LX6GxRc=
github.com/clong1995/go-config v0.0.0-20250714045939-93f655c4ffa4 h1:JpBchFi599FYJBD8xnS1Ah7GKrlpjsKK1KyIbWkdhgQ=
github.com/clong1995/go-config v0.0.0-20250714045939-93f655c4ffa4/go.mod h1:sWFwQ7v+tStLV2vKId7aBQzORq1ioZKCRXY8LX6GxRc=
github.com/go-sql-driver/mysql v1.8.1 h1:LedoTUt/eveggdHS9qUFC1EFSa8bU2+1pZjSRpvNJ1Y=
github.com/go-sql-driver/mysql v1.8.1/go.mod h1:wEBSXgmK//2ZFJyE+qWnIsVGmvmEKlqwuVSjsCm7DZg=
github.com/go-sql-driver/mysql v1.9.1 h1:FrjNGn/BsJQjVRuSa8CBrM5BWA9BWoXXat3KrtSb/iI=
github.com/go-sql-driver/mysql v1.9.1/go.mod h1:qn46aNg1333BRMNU69Lq93t8du/dwxI64Gl8i5p1WMU=
github.com/go-sql-driver/mysql v1.9.3 h1:U/N249h2WzJ3Ukj8SowVFjdtZKfu9vlLZxjPXV1aweo=
github.com/go-sql-driver/mysql v1.9.3/go.mod h1:qn46aNg1333BRMNU69Lq93t8du/dwxI64Gl8i5p1WMU=
